// !$*UTF8*$!
{
	archiveVersion = 1;
	classes = {
	};
	objectVersion = 51;
	objects = {

/* Begin PBXBuildFile section */
		8A29D9612402A45D00FC076C /* ListItemControllerViewController.m in Sources */ = {isa = PBXBuildFile; fileRef = 8A29D95F2402A45D00FC076C /* ListItemControllerViewController.m */; };
		8A29D9622402A45D00FC076C /* ListItemControllerViewController.xib in Resources */ = {isa = PBXBuildFile; fileRef = 8A29D9602402A45D00FC076C /* ListItemControllerViewController.xib */; };
		BA374D16D016BE65C837E7D6 /* libPods-BookCar.a in Frameworks */ = {isa = PBXBuildFile; fileRef = F6A06BF4B091FE79A1C61FF1 /* libPods-BookCar.a */; };
		CF83FBFC23FE60CF00030CB7 /* GoogleService-Info.plist in Resources */ = {isa = PBXBuildFile; fileRef = CF83FBFB23FE60CF00030CB7 /* GoogleService-Info.plist */; };
		CF83FC0123FE67C400030CB7 /* SignUpViewController.m in Sources */ = {isa = PBXBuildFile; fileRef = CF83FBFF23FE67C400030CB7 /* SignUpViewController.m */; };
		CF83FC0223FE67C400030CB7 /* SignUpViewController.xib in Resources */ = {isa = PBXBuildFile; fileRef = CF83FC0023FE67C400030CB7 /* SignUpViewController.xib */; };
		CFAE9AC024036E3300F34DB9 /* MapViewController.m in Sources */ = {isa = PBXBuildFile; fileRef = CFAE9ABE24036E3300F34DB9 /* MapViewController.m */; };
		CFAE9AC124036E3300F34DB9 /* MapViewController.xib in Resources */ = {isa = PBXBuildFile; fileRef = CFAE9ABF24036E3300F34DB9 /* MapViewController.xib */; };
		CFAE9AC324037D0900F34DB9 /* CoreLocation.framework in Frameworks */ = {isa = PBXBuildFile; fileRef = CFAE9AC224037D0900F34DB9 /* CoreLocation.framework */; };
		CFB1E7E023FBE06600498563 /* NavigationBarController.m in Sources */ = {isa = PBXBuildFile; fileRef = CFB1E7DF23FBE06600498563 /* NavigationBarController.m */; };
		CFBC634723FCE860008AFE08 /* LoginController.m in Sources */ = {isa = PBXBuildFile; fileRef = CFBC634623FCE860008AFE08 /* LoginController.m */; };
		CFD2507723F39F7A003ED4E7 /* AppDelegate.m in Sources */ = {isa = PBXBuildFile; fileRef = CFD2507623F39F7A003ED4E7 /* AppDelegate.m */; };
		CFD2507A23F39F7A003ED4E7 /* SceneDelegate.m in Sources */ = {isa = PBXBuildFile; fileRef = CFD2507923F39F7A003ED4E7 /* SceneDelegate.m */; };
		CFD2508023F39F7A003ED4E7 /* Main.storyboard in Resources */ = {isa = PBXBuildFile; fileRef = CFD2507E23F39F7A003ED4E7 /* Main.storyboard */; };
		CFD2508223F39F93003ED4E7 /* Assets.xcassets in Resources */ = {isa = PBXBuildFile; fileRef = CFD2508123F39F93003ED4E7 /* Assets.xcassets */; };
		CFD2508523F39F93003ED4E7 /* LaunchScreen.storyboard in Resources */ = {isa = PBXBuildFile; fileRef = CFD2508323F39F93003ED4E7 /* LaunchScreen.storyboard */; };
		CFD2508823F39F93003ED4E7 /* main.m in Sources */ = {isa = PBXBuildFile; fileRef = CFD2508723F39F93003ED4E7 /* main.m */; };
/* End PBXBuildFile section */

/* Begin PBXFileReference section */
		801BB9B759ED025629C8DDBA /* Pods-BookCar-BookCarUITests.debug.xcconfig */ = {isa = PBXFileReference; includeInIndex = 1; lastKnownFileType = text.xcconfig; name = "Pods-BookCar-BookCarUITests.debug.xcconfig"; path = "Target Support Files/Pods-BookCar-BookCarUITests/Pods-BookCar-BookCarUITests.debug.xcconfig"; sourceTree = "<group>"; };
		8A29D95E2402A45D00FC076C /* ListItemControllerViewController.h */ = {isa = PBXFileReference; lastKnownFileType = sourcecode.c.h; path = ListItemControllerViewController.h; sourceTree = "<group>"; };
		8A29D95F2402A45D00FC076C /* ListItemControllerViewController.m */ = {isa = PBXFileReference; lastKnownFileType = sourcecode.c.objc; path = ListItemControllerViewController.m; sourceTree = "<group>"; };
		8A29D9602402A45D00FC076C /* ListItemControllerViewController.xib */ = {isa = PBXFileReference; lastKnownFileType = file.xib; path = ListItemControllerViewController.xib; sourceTree = "<group>"; };
		9977D8ACBF328D128385A661 /* Pods-BookCar-BookCarUITests.release.xcconfig */ = {isa = PBXFileReference; includeInIndex = 1; lastKnownFileType = text.xcconfig; name = "Pods-BookCar-BookCarUITests.release.xcconfig"; path = "Target Support Files/Pods-BookCar-BookCarUITests/Pods-BookCar-BookCarUITests.release.xcconfig"; sourceTree = "<group>"; };
		CF83FBFB23FE60CF00030CB7 /* GoogleService-Info.plist */ = {isa = PBXFileReference; fileEncoding = 4; lastKnownFileType = text.plist.xml; path = "GoogleService-Info.plist"; sourceTree = "<group>"; };
		CF83FBFE23FE67C400030CB7 /* SignUpViewController.h */ = {isa = PBXFileReference; lastKnownFileType = sourcecode.c.h; path = SignUpViewController.h; sourceTree = "<group>"; };
		CF83FBFF23FE67C400030CB7 /* SignUpViewController.m */ = {isa = PBXFileReference; lastKnownFileType = sourcecode.c.objc; path = SignUpViewController.m; sourceTree = "<group>"; };
		CF83FC0023FE67C400030CB7 /* SignUpViewController.xib */ = {isa = PBXFileReference; lastKnownFileType = file.xib; path = SignUpViewController.xib; sourceTree = "<group>"; };
		CFAE9ABD24036E3300F34DB9 /* MapViewController.h */ = {isa = PBXFileReference; lastKnownFileType = sourcecode.c.h; path = MapViewController.h; sourceTree = "<group>"; };
		CFAE9ABE24036E3300F34DB9 /* MapViewController.m */ = {isa = PBXFileReference; lastKnownFileType = sourcecode.c.objc; path = MapViewController.m; sourceTree = "<group>"; };
		CFAE9ABF24036E3300F34DB9 /* MapViewController.xib */ = {isa = PBXFileReference; lastKnownFileType = file.xib; path = MapViewController.xib; sourceTree = "<group>"; };
		CFAE9AC224037D0900F34DB9 /* CoreLocation.framework */ = {isa = PBXFileReference; lastKnownFileType = wrapper.framework; name = CoreLocation.framework; path = System/Library/Frameworks/CoreLocation.framework; sourceTree = SDKROOT; };
		CFB1E7DE23FBE06600498563 /* NavigationBarController.h */ = {isa = PBXFileReference; lastKnownFileType = sourcecode.c.h; path = NavigationBarController.h; sourceTree = "<group>"; };
		CFB1E7DF23FBE06600498563 /* NavigationBarController.m */ = {isa = PBXFileReference; lastKnownFileType = sourcecode.c.objc; path = NavigationBarController.m; sourceTree = "<group>"; };
		CFBC634523FCE860008AFE08 /* LoginController.h */ = {isa = PBXFileReference; lastKnownFileType = sourcecode.c.h; path = LoginController.h; sourceTree = "<group>"; };
		CFBC634623FCE860008AFE08 /* LoginController.m */ = {isa = PBXFileReference; lastKnownFileType = sourcecode.c.objc; path = LoginController.m; sourceTree = "<group>"; };
		CFD2507223F39F7A003ED4E7 /* BookCar.app */ = {isa = PBXFileReference; explicitFileType = wrapper.application; includeInIndex = 0; path = BookCar.app; sourceTree = BUILT_PRODUCTS_DIR; };
		CFD2507523F39F7A003ED4E7 /* AppDelegate.h */ = {isa = PBXFileReference; lastKnownFileType = sourcecode.c.h; path = AppDelegate.h; sourceTree = "<group>"; };
		CFD2507623F39F7A003ED4E7 /* AppDelegate.m */ = {isa = PBXFileReference; lastKnownFileType = sourcecode.c.objc; path = AppDelegate.m; sourceTree = "<group>"; };
		CFD2507823F39F7A003ED4E7 /* SceneDelegate.h */ = {isa = PBXFileReference; lastKnownFileType = sourcecode.c.h; path = SceneDelegate.h; sourceTree = "<group>"; };
		CFD2507923F39F7A003ED4E7 /* SceneDelegate.m */ = {isa = PBXFileReference; lastKnownFileType = sourcecode.c.objc; path = SceneDelegate.m; sourceTree = "<group>"; };
		CFD2507F23F39F7A003ED4E7 /* Base */ = {isa = PBXFileReference; lastKnownFileType = file.storyboard; name = Base; path = Base.lproj/Main.storyboard; sourceTree = "<group>"; };
		CFD2508123F39F93003ED4E7 /* Assets.xcassets */ = {isa = PBXFileReference; lastKnownFileType = folder.assetcatalog; name = Assets.xcassets; path = BookCar/Assets.xcassets; sourceTree = SOURCE_ROOT; };
		CFD2508423F39F93003ED4E7 /* Base */ = {isa = PBXFileReference; lastKnownFileType = file.storyboard; name = Base; path = Base.lproj/LaunchScreen.storyboard; sourceTree = "<group>"; };
		CFD2508623F39F93003ED4E7 /* Info.plist */ = {isa = PBXFileReference; lastKnownFileType = text.plist.xml; path = Info.plist; sourceTree = "<group>"; };
		CFD2508723F39F93003ED4E7 /* main.m */ = {isa = PBXFileReference; lastKnownFileType = sourcecode.c.objc; path = main.m; sourceTree = "<group>"; };
		CFD2509123F39F94003ED4E7 /* BookCarTests.m */ = {isa = PBXFileReference; lastKnownFileType = sourcecode.c.objc; path = BookCarTests.m; sourceTree = "<group>"; };
		CFD2509323F39F94003ED4E7 /* Info.plist */ = {isa = PBXFileReference; lastKnownFileType = text.plist.xml; path = Info.plist; sourceTree = "<group>"; };
		CFD2509C23F39F94003ED4E7 /* BookCarUITests.m */ = {isa = PBXFileReference; lastKnownFileType = sourcecode.c.objc; path = BookCarUITests.m; sourceTree = "<group>"; };
		CFD2509E23F39F95003ED4E7 /* Info.plist */ = {isa = PBXFileReference; lastKnownFileType = text.plist.xml; path = Info.plist; sourceTree = "<group>"; };
		D2FE839E3671AE3F05642F8C /* Pods-BookCar.release.xcconfig */ = {isa = PBXFileReference; includeInIndex = 1; lastKnownFileType = text.xcconfig; name = "Pods-BookCar.release.xcconfig"; path = "Target Support Files/Pods-BookCar/Pods-BookCar.release.xcconfig"; sourceTree = "<group>"; };
		D45C1502DBC0FE503A57D8B3 /* Pods-BookCar.debug.xcconfig */ = {isa = PBXFileReference; includeInIndex = 1; lastKnownFileType = text.xcconfig; name = "Pods-BookCar.debug.xcconfig"; path = "Target Support Files/Pods-BookCar/Pods-BookCar.debug.xcconfig"; sourceTree = "<group>"; };
		F6A06BF4B091FE79A1C61FF1 /* libPods-BookCar.a */ = {isa = PBXFileReference; explicitFileType = archive.ar; includeInIndex = 0; path = "libPods-BookCar.a"; sourceTree = BUILT_PRODUCTS_DIR; };
/* End PBXFileReference section */

/* Begin PBXFrameworksBuildPhase section */
		CFD2506F23F39F7A003ED4E7 /* Frameworks */ = {
			isa = PBXFrameworksBuildPhase;
			buildActionMask = 2147483647;
			files = (
				CFAE9AC324037D0900F34DB9 /* CoreLocation.framework in Frameworks */,
				BA374D16D016BE65C837E7D6 /* libPods-BookCar.a in Frameworks */,
			);
			runOnlyForDeploymentPostprocessing = 0;
		};
/* End PBXFrameworksBuildPhase section */

/* Begin PBXGroup section */
		11105E981B9C58288CC8E88C /* Pods */ = {
			isa = PBXGroup;
			children = (
				D45C1502DBC0FE503A57D8B3 /* Pods-BookCar.debug.xcconfig */,
				D2FE839E3671AE3F05642F8C /* Pods-BookCar.release.xcconfig */,
				801BB9B759ED025629C8DDBA /* Pods-BookCar-BookCarUITests.debug.xcconfig */,
				9977D8ACBF328D128385A661 /* Pods-BookCar-BookCarUITests.release.xcconfig */,
			);
			path = Pods;
			sourceTree = "<group>";
		};
		834A6A15B9FC7764407589A9 /* Frameworks */ = {
			isa = PBXGroup;
			children = (
				CFAE9AC224037D0900F34DB9 /* CoreLocation.framework */,
				F6A06BF4B091FE79A1C61FF1 /* libPods-BookCar.a */,
			);
			name = Frameworks;
			sourceTree = "<group>";
		};
		8A29D95D2402A42C00FC076C /* ListItemController */ = {
			isa = PBXGroup;
			children = (
				8A29D95E2402A45D00FC076C /* ListItemControllerViewController.h */,
				8A29D95F2402A45D00FC076C /* ListItemControllerViewController.m */,
				8A29D9602402A45D00FC076C /* ListItemControllerViewController.xib */,
			);
			path = ListItemController;
			sourceTree = "<group>";
		};
		CF83FBFD23FE674300030CB7 /* SignUpController */ = {
			isa = PBXGroup;
			children = (
				CF83FBFE23FE67C400030CB7 /* SignUpViewController.h */,
				CF83FBFF23FE67C400030CB7 /* SignUpViewController.m */,
				CF83FC0023FE67C400030CB7 /* SignUpViewController.xib */,
			);
			path = SignUpController;
			sourceTree = "<group>";
		};
		CFAE9ABC24036DD300F34DB9 /* MapVIewController */ = {
			isa = PBXGroup;
			children = (
				CFAE9ABD24036E3300F34DB9 /* MapViewController.h */,
				CFAE9ABE24036E3300F34DB9 /* MapViewController.m */,
				CFAE9ABF24036E3300F34DB9 /* MapViewController.xib */,
			);
			path = MapVIewController;
			sourceTree = "<group>";
		};
		CFB1E7E123FBEEFF00498563 /* NavigationController */ = {
			isa = PBXGroup;
			children = (
				CFB1E7DF23FBE06600498563 /* NavigationBarController.m */,
				CFB1E7DE23FBE06600498563 /* NavigationBarController.h */,
			);
			path = NavigationController;
			sourceTree = "<group>";
		};
		CFB1E7E223FBEF1300498563 /* LoginController */ = {
			isa = PBXGroup;
			children = (
				CFBC634523FCE860008AFE08 /* LoginController.h */,
				CFBC634623FCE860008AFE08 /* LoginController.m */,
			);
			path = LoginController;
			sourceTree = "<group>";
		};
		CFD2506923F39F7A003ED4E7 = {
			isa = PBXGroup;
			children = (
				CFD2507423F39F7A003ED4E7 /* BookCar */,
				CFD2509023F39F94003ED4E7 /* BookCarTests */,
				CFD2509B23F39F94003ED4E7 /* BookCarUITests */,
				CFD2507323F39F7A003ED4E7 /* Products */,
				11105E981B9C58288CC8E88C /* Pods */,
				834A6A15B9FC7764407589A9 /* Frameworks */,
			);
			sourceTree = "<group>";
		};
		CFD2507323F39F7A003ED4E7 /* Products */ = {
			isa = PBXGroup;
			children = (
				CFD2507223F39F7A003ED4E7 /* BookCar.app */,
			);
			name = Products;
			sourceTree = "<group>";
		};
		CFD2507423F39F7A003ED4E7 /* BookCar */ = {
			isa = PBXGroup;
			children = (
				CFB1E7E123FBEEFF00498563 /* NavigationController */,
				CFB1E7E223FBEF1300498563 /* LoginController */,
				CF83FBFD23FE674300030CB7 /* SignUpController */,
				8A29D95D2402A42C00FC076C /* ListItemController */,
				CFAE9ABC24036DD300F34DB9 /* MapVIewController */,
				CFD2507523F39F7A003ED4E7 /* AppDelegate.h */,
				CFD2507623F39F7A003ED4E7 /* AppDelegate.m */,
				CFD2507823F39F7A003ED4E7 /* SceneDelegate.h */,
				CFD2507923F39F7A003ED4E7 /* SceneDelegate.m */,
				CFD2507E23F39F7A003ED4E7 /* Main.storyboard */,
				CFD2508123F39F93003ED4E7 /* Assets.xcassets */,
				CFD2508323F39F93003ED4E7 /* LaunchScreen.storyboard */,
				CFD2508623F39F93003ED4E7 /* Info.plist */,
				CFD2508723F39F93003ED4E7 /* main.m */,
				CF83FBFB23FE60CF00030CB7 /* GoogleService-Info.plist */,
			);
			path = BookCar;
			sourceTree = "<group>";
		};
		CFD2509023F39F94003ED4E7 /* BookCarTests */ = {
			isa = PBXGroup;
			children = (
				CFD2509123F39F94003ED4E7 /* BookCarTests.m */,
				CFD2509323F39F94003ED4E7 /* Info.plist */,
			);
			path = BookCarTests;
			sourceTree = "<group>";
		};
		CFD2509B23F39F94003ED4E7 /* BookCarUITests */ = {
			isa = PBXGroup;
			children = (
				CFD2509C23F39F94003ED4E7 /* BookCarUITests.m */,
				CFD2509E23F39F95003ED4E7 /* Info.plist */,
			);
			path = BookCarUITests;
			sourceTree = "<group>";
		};
/* End PBXGroup section */

/* Begin PBXNativeTarget section */
		CFD2507123F39F7A003ED4E7 /* BookCar */ = {
			isa = PBXNativeTarget;
			buildConfigurationList = CFD250A123F39F95003ED4E7 /* Build configuration list for PBXNativeTarget "BookCar" */;
			buildPhases = (
				9A26E9B799B48D173E0C7884 /* [CP] Check Pods Manifest.lock */,
				CFD2506E23F39F7A003ED4E7 /* Sources */,
				CFD2506F23F39F7A003ED4E7 /* Frameworks */,
				CFD2507023F39F7A003ED4E7 /* Resources */,
				6F5EC40643047EF71F4F6EE8 /* [CP] Copy Pods Resources */,
			);
			buildRules = (
			);
			dependencies = (
			);
			name = BookCar;
			productName = BookCar;
			productReference = CFD2507223F39F7A003ED4E7 /* BookCar.app */;
			productType = "com.apple.product-type.application";
		};
/* End PBXNativeTarget section */

/* Begin PBXProject section */
		CFD2506A23F39F7A003ED4E7 /* Project object */ = {
			isa = PBXProject;
			attributes = {
				LastUpgradeCheck = 1130;
				ORGANIZATIONNAME = hmduc;
				TargetAttributes = {
					CFD2507123F39F7A003ED4E7 = {
						CreatedOnToolsVersion = 11.3.1;
					};
				};
			};
			buildConfigurationList = CFD2506D23F39F7A003ED4E7 /* Build configuration list for PBXProject "BookCar" */;
			compatibilityVersion = "Xcode 9.3";
			developmentRegion = en;
			hasScannedForEncodings = 0;
			knownRegions = (
				en,
				Base,
			);
			mainGroup = CFD2506923F39F7A003ED4E7;
			productRefGroup = CFD2507323F39F7A003ED4E7 /* Products */;
			projectDirPath = "";
			projectRoot = "";
			targets = (
				CFD2507123F39F7A003ED4E7 /* BookCar */,
			);
		};
/* End PBXProject section */

/* Begin PBXResourcesBuildPhase section */
		CFD2507023F39F7A003ED4E7 /* Resources */ = {
			isa = PBXResourcesBuildPhase;
			buildActionMask = 2147483647;
			files = (
				CFD2508523F39F93003ED4E7 /* LaunchScreen.storyboard in Resources */,
				8A29D9622402A45D00FC076C /* ListItemControllerViewController.xib in Resources */,
				CFD2508223F39F93003ED4E7 /* Assets.xcassets in Resources */,
				CF83FBFC23FE60CF00030CB7 /* GoogleService-Info.plist in Resources */,
				CFAE9AC124036E3300F34DB9 /* MapViewController.xib in Resources */,
				CF83FC0223FE67C400030CB7 /* SignUpViewController.xib in Resources */,
				CFD2508023F39F7A003ED4E7 /* Main.storyboard in Resources */,
			);
			runOnlyForDeploymentPostprocessing = 0;
		};
/* End PBXResourcesBuildPhase section */

/* Begin PBXShellScriptBuildPhase section */
		6F5EC40643047EF71F4F6EE8 /* [CP] Copy Pods Resources */ = {
			isa = PBXShellScriptBuildPhase;
			buildActionMask = 2147483647;
			files = (
			);
			inputFileListPaths = (
				"${PODS_ROOT}/Target Support Files/Pods-BookCar/Pods-BookCar-resources-${CONFIGURATION}-input-files.xcfilelist",
			);
			name = "[CP] Copy Pods Resources";
			outputFileListPaths = (
				"${PODS_ROOT}/Target Support Files/Pods-BookCar/Pods-BookCar-resources-${CONFIGURATION}-output-files.xcfilelist",
			);
			runOnlyForDeploymentPostprocessing = 0;
			shellPath = /bin/sh;
			shellScript = "\"${PODS_ROOT}/Target Support Files/Pods-BookCar/Pods-BookCar-resources.sh\"\n";
			showEnvVarsInLog = 0;
		};
		9A26E9B799B48D173E0C7884 /* [CP] Check Pods Manifest.lock */ = {
			isa = PBXShellScriptBuildPhase;
			buildActionMask = 2147483647;
			files = (
			);
			inputFileListPaths = (
			);
			inputPaths = (
				"${PODS_PODFILE_DIR_PATH}/Podfile.lock",
				"${PODS_ROOT}/Manifest.lock",
			);
			name = "[CP] Check Pods Manifest.lock";
			outputFileListPaths = (
			);
			outputPaths = (
				"$(DERIVED_FILE_DIR)/Pods-BookCar-checkManifestLockResult.txt",
			);
			runOnlyForDeploymentPostprocessing = 0;
			shellPath = /bin/sh;
			shellScript = "diff \"${PODS_PODFILE_DIR_PATH}/Podfile.lock\" \"${PODS_ROOT}/Manifest.lock\" > /dev/null\nif [ $? != 0 ] ; then\n    # print error to STDERR\n    echo \"error: The sandbox is not in sync with the Podfile.lock. Run 'pod install' or update your CocoaPods installation.\" >&2\n    exit 1\nfi\n# This output is used by Xcode 'outputs' to avoid re-running this script phase.\necho \"SUCCESS\" > \"${SCRIPT_OUTPUT_FILE_0}\"\n";
			showEnvVarsInLog = 0;
		};
/* End PBXShellScriptBuildPhase section */

/* Begin PBXSourcesBuildPhase section */
		CFD2506E23F39F7A003ED4E7 /* Sources */ = {
			isa = PBXSourcesBuildPhase;
			buildActionMask = 2147483647;
			files = (
				CFBC634723FCE860008AFE08 /* LoginController.m in Sources */,
				CFD2507723F39F7A003ED4E7 /* AppDelegate.m in Sources */,
				8A29D9612402A45D00FC076C /* ListItemControllerViewController.m in Sources */,
				CFAE9AC024036E3300F34DB9 /* MapViewController.m in Sources */,
				CFD2508823F39F93003ED4E7 /* main.m in Sources */,
				CFD2507A23F39F7A003ED4E7 /* SceneDelegate.m in Sources */,
				CF83FC0123FE67C400030CB7 /* SignUpViewController.m in Sources */,
				CFB1E7E023FBE06600498563 /* NavigationBarController.m in Sources */,
			);
			runOnlyForDeploymentPostprocessing = 0;
		};
/* End PBXSourcesBuildPhase section */

/* Begin PBXVariantGroup section */
		CFD2507E23F39F7A003ED4E7 /* Main.storyboard */ = {
			isa = PBXVariantGroup;
			children = (
				CFD2507F23F39F7A003ED4E7 /* Base */,
			);
			name = Main.storyboard;
			sourceTree = "<group>";
		};
		CFD2508323F39F93003ED4E7 /* LaunchScreen.storyboard */ = {
			isa = PBXVariantGroup;
			children = (
				CFD2508423F39F93003ED4E7 /* Base */,
			);
			name = LaunchScreen.storyboard;
			sourceTree = "<group>";
		};
/* End PBXVariantGroup section */

/* Begin XCBuildConfiguration section */
		CFD2509F23F39F95003ED4E7 /* Debug */ = {
			isa = XCBuildConfiguration;
			buildSettings = {
				ALWAYS_SEARCH_USER_PATHS = NO;
				CLANG_ANALYZER_NONNULL = YES;
				CLANG_ANALYZER_NUMBER_OBJECT_CONVERSION = YES_AGGRESSIVE;
				CLANG_CXX_LANGUAGE_STANDARD = "gnu++14";
				CLANG_CXX_LIBRARY = "libc++";
				CLANG_ENABLE_MODULES = YES;
				CLANG_ENABLE_OBJC_ARC = YES;
				CLANG_ENABLE_OBJC_WEAK = YES;
				CLANG_WARN_BLOCK_CAPTURE_AUTORELEASING = YES;
				CLANG_WARN_BOOL_CONVERSION = YES;
				CLANG_WARN_COMMA = YES;
				CLANG_WARN_CONSTANT_CONVERSION = YES;
				CLANG_WARN_DEPRECATED_OBJC_IMPLEMENTATIONS = YES;
				CLANG_WARN_DIRECT_OBJC_ISA_USAGE = YES_ERROR;
				CLANG_WARN_DOCUMENTATION_COMMENTS = YES;
				CLANG_WARN_EMPTY_BODY = YES;
				CLANG_WARN_ENUM_CONVERSION = YES;
				CLANG_WARN_INFINITE_RECURSION = YES;
				CLANG_WARN_INT_CONVERSION = YES;
				CLANG_WARN_NON_LITERAL_NULL_CONVERSION = YES;
				CLANG_WARN_OBJC_IMPLICIT_RETAIN_SELF = YES;
				CLANG_WARN_OBJC_LITERAL_CONVERSION = YES;
				CLANG_WARN_OBJC_ROOT_CLASS = YES_ERROR;
				CLANG_WARN_RANGE_LOOP_ANALYSIS = YES;
				CLANG_WARN_STRICT_PROTOTYPES = YES;
				CLANG_WARN_SUSPICIOUS_MOVE = YES;
				CLANG_WARN_UNGUARDED_AVAILABILITY = YES_AGGRESSIVE;
				CLANG_WARN_UNREACHABLE_CODE = YES;
				CLANG_WARN__DUPLICATE_METHOD_MATCH = YES;
				COPY_PHASE_STRIP = NO;
				DEBUG_INFORMATION_FORMAT = dwarf;
				ENABLE_STRICT_OBJC_MSGSEND = YES;
				ENABLE_TESTABILITY = YES;
				GCC_C_LANGUAGE_STANDARD = gnu11;
				GCC_DYNAMIC_NO_PIC = NO;
				GCC_NO_COMMON_BLOCKS = YES;
				GCC_OPTIMIZATION_LEVEL = 0;
				GCC_PREPROCESSOR_DEFINITIONS = (
					"DEBUG=1",
					"$(inherited)",
				);
				GCC_WARN_64_TO_32_BIT_CONVERSION = YES;
				GCC_WARN_ABOUT_RETURN_TYPE = YES_ERROR;
				GCC_WARN_UNDECLARED_SELECTOR = YES;
				GCC_WARN_UNINITIALIZED_AUTOS = YES_AGGRESSIVE;
				GCC_WARN_UNUSED_FUNCTION = YES;
				GCC_WARN_UNUSED_VARIABLE = YES;
				IPHONEOS_DEPLOYMENT_TARGET = 13.2;
				MTL_ENABLE_DEBUG_INFO = INCLUDE_SOURCE;
				MTL_FAST_MATH = YES;
				ONLY_ACTIVE_ARCH = YES;
				SDKROOT = iphoneos;
			};
			name = Debug;
		};
		CFD250A023F39F95003ED4E7 /* Release */ = {
			isa = XCBuildConfiguration;
			buildSettings = {
				ALWAYS_SEARCH_USER_PATHS = NO;
				CLANG_ANALYZER_NONNULL = YES;
				CLANG_ANALYZER_NUMBER_OBJECT_CONVERSION = YES_AGGRESSIVE;
				CLANG_CXX_LANGUAGE_STANDARD = "gnu++14";
				CLANG_CXX_LIBRARY = "libc++";
				CLANG_ENABLE_MODULES = YES;
				CLANG_ENABLE_OBJC_ARC = YES;
				CLANG_ENABLE_OBJC_WEAK = YES;
				CLANG_WARN_BLOCK_CAPTURE_AUTORELEASING = YES;
				CLANG_WARN_BOOL_CONVERSION = YES;
				CLANG_WARN_COMMA = YES;
				CLANG_WARN_CONSTANT_CONVERSION = YES;
				CLANG_WARN_DEPRECATED_OBJC_IMPLEMENTATIONS = YES;
				CLANG_WARN_DIRECT_OBJC_ISA_USAGE = YES_ERROR;
				CLANG_WARN_DOCUMENTATION_COMMENTS = YES;
				CLANG_WARN_EMPTY_BODY = YES;
				CLANG_WARN_ENUM_CONVERSION = YES;
				CLANG_WARN_INFINITE_RECURSION = YES;
				CLANG_WARN_INT_CONVERSION = YES;
				CLANG_WARN_NON_LITERAL_NULL_CONVERSION = YES;
				CLANG_WARN_OBJC_IMPLICIT_RETAIN_SELF = YES;
				CLANG_WARN_OBJC_LITERAL_CONVERSION = YES;
				CLANG_WARN_OBJC_ROOT_CLASS = YES_ERROR;
				CLANG_WARN_RANGE_LOOP_ANALYSIS = YES;
				CLANG_WARN_STRICT_PROTOTYPES = YES;
				CLANG_WARN_SUSPICIOUS_MOVE = YES;
				CLANG_WARN_UNGUARDED_AVAILABILITY = YES_AGGRESSIVE;
				CLANG_WARN_UNREACHABLE_CODE = YES;
				CLANG_WARN__DUPLICATE_METHOD_MATCH = YES;
				COPY_PHASE_STRIP = NO;
				DEBUG_INFORMATION_FORMAT = "dwarf-with-dsym";
				ENABLE_NS_ASSERTIONS = NO;
				ENABLE_STRICT_OBJC_MSGSEND = YES;
				GCC_C_LANGUAGE_STANDARD = gnu11;
				GCC_NO_COMMON_BLOCKS = YES;
				GCC_WARN_64_TO_32_BIT_CONVERSION = YES;
				GCC_WARN_ABOUT_RETURN_TYPE = YES_ERROR;
				GCC_WARN_UNDECLARED_SELECTOR = YES;
				GCC_WARN_UNINITIALIZED_AUTOS = YES_AGGRESSIVE;
				GCC_WARN_UNUSED_FUNCTION = YES;
				GCC_WARN_UNUSED_VARIABLE = YES;
				IPHONEOS_DEPLOYMENT_TARGET = 13.2;
				MTL_ENABLE_DEBUG_INFO = NO;
				MTL_FAST_MATH = YES;
				SDKROOT = iphoneos;
				VALIDATE_PRODUCT = YES;
			};
			name = Release;
		};
		CFD250A223F39F95003ED4E7 /* Debug */ = {
			isa = XCBuildConfiguration;
			baseConfigurationReference = D45C1502DBC0FE503A57D8B3 /* Pods-BookCar.debug.xcconfig */;
			buildSettings = {
				ASSETCATALOG_COMPILER_APPICON_NAME = AppIcon;
				CODE_SIGN_STYLE = Automatic;
				DEVELOPMENT_TEAM = 59JQB3F95L;
				INFOPLIST_FILE = BookCar/Info.plist;
				LD_RUNPATH_SEARCH_PATHS = (
					"$(inherited)",
					"@executable_path/Frameworks",
				);
				PRODUCT_BUNDLE_IDENTIFIER = hmduc.BookCar;
				PRODUCT_NAME = "$(TARGET_NAME)";
				TARGETED_DEVICE_FAMILY = "1,2";
			};
			name = Debug;
		};
		CFD250A323F39F95003ED4E7 /* Release */ = {
			isa = XCBuildConfiguration;
			baseConfigurationReference = D2FE839E3671AE3F05642F8C /* Pods-BookCar.release.xcconfig */;
			buildSettings = {
				ASSETCATALOG_COMPILER_APPICON_NAME = AppIcon;
				CODE_SIGN_STYLE = Automatic;
				DEVELOPMENT_TEAM = 59JQB3F95L;
				INFOPLIST_FILE = BookCar/Info.plist;
				LD_RUNPATH_SEARCH_PATHS = (
					"$(inherited)",
					"@executable_path/Frameworks",
				);
				PRODUCT_BUNDLE_IDENTIFIER = hmduc.BookCar;
				PRODUCT_NAME = "$(TARGET_NAME)";
				TARGETED_DEVICE_FAMILY = "1,2";
			};
			name = Release;
		};
/* End XCBuildConfiguration section */

/* Begin XCConfigurationList section */
		CFD2506D23F39F7A003ED4E7 /* Build configuration list for PBXProject "BookCar" */ = {
			isa = XCConfigurationList;
			buildConfigurations = (
				CFD2509F23F39F95003ED4E7 /* Debug */,
				CFD250A023F39F95003ED4E7 /* Release */,
			);
			defaultConfigurationIsVisible = 0;
			defaultConfigurationName = Release;
		};
		CFD250A123F39F95003ED4E7 /* Build configuration list for PBXNativeTarget "BookCar" */ = {
			isa = XCConfigurationList;
			buildConfigurations = (
				CFD250A223F39F95003ED4E7 /* Debug */,
				CFD250A323F39F95003ED4E7 /* Release */,
			);
			defaultConfigurationIsVisible = 0;
			defaultConfigurationName = Release;
		};
/* End XCConfigurationList section */
	};
	rootObject = CFD2506A23F39F7A003ED4E7 /* Project object */;
}
